
Microsoft Visual Studio Solution File, Format Version 12.00
# Visual Studio Version 16
VisualStudioVersion = 16.0.30011.22
MinimumVisualStudioVersion = 10.0.40219.1
Project("{FAE04EC0-301F-11D3-BF4B-00C04F79EFBC}") = "JS.Sample.API", "JS.Sample.API\JS.Sample.API.csproj", "{568CF343-BD9D-446B-AAE8-D5C1774E8440}"
EndProject
Project("{FAE04EC0-301F-11D3-BF4B-00C04F79EFBC}") = "JS.Sample.Application", "JS.Sample.Application\JS.Sample.Application.csproj", "{320B1F1A-3581-4A13-85CF-64A9820A7A21}"
EndProject
Project("{FAE04EC0-301F-11D3-BF4B-00C04F79EFBC}") = "JS.Sample.CommandStack", "JS.Sample.CommandStack\JS.Sample.CommandStack.csproj", "{107D7D98-86BB-4160-92E9-6315A049E32E}"
EndProject
Project("{FAE04EC0-301F-11D3-BF4B-00C04F79EFBC}") = "JS.Sample.Common", "JS.Sample.Common\JS.Sample.Common.csproj", "{D0C0861E-BB45-4AC0-AE35-189F374A15CC}"
EndProject
Project("{FAE04EC0-301F-11D3-BF4B-00C04F79EFBC}") = "JS.Sample.Domain", "JS.Sample.Domain\JS.Sample.Domain.csproj", "{DE3AD719-B776-4FBF-B757-592FB31AB71A}"
EndProject
Project("{FAE04EC0-301F-11D3-BF4B-00C04F79EFBC}") = "JS.Sample.Infratructure", "JS.Sample.Infratructure\JS.Sample.Infratructure.csproj", "{72A3A6BA-A7A9-4741-BD17-91F30AA36F74}"
EndProject
Project("{FAE04EC0-301F-11D3-BF4B-00C04F79EFBC}") = "JS.Sample.Percistance", "JS.Sample.Percistance\JS.Sample.Percistance.csproj", "{A7009FEB-0E0B-44F6-98BD-6AEEE20352B3}"
EndProject
Project("{FAE04EC0-301F-11D3-BF4B-00C04F79EFBC}") = "JS.Sample.QueryStack", "JS.Sample.QueryStack\JS.Sample.QueryStack.csproj", "{55C7F26B-4909-455A-A139-510E95351E3E}"
EndProject
Global
	GlobalSection(SolutionConfigurationPlatforms) = preSolution
		Debug|Any CPU = Debug|Any CPU
		Release|Any CPU = Release|Any CPU
	EndGlobalSection
	GlobalSection(ProjectConfigurationPlatforms) = postSolution
		{568CF343-BD9D-446B-AAE8-D5C1774E8440}.Debug|Any CPU.ActiveCfg = Debug|Any CPU
		{568CF343-BD9D-446B-AAE8-D5C1774E8440}.Debug|Any CPU.Build.0 = Debug|Any CPU
		{568CF343-BD9D-446B-AAE8-D5C1774E8440}.Release|Any CPU.ActiveCfg = Release|Any CPU
		{568CF343-BD9D-446B-AAE8-D5C1774E8440}.Release|Any CPU.Build.0 = Release|Any CPU
		{320B1F1A-3581-4A13-85CF-64A9820A7A21}.Debug|Any CPU.ActiveCfg = Debug|Any CPU
		{320B1F1A-3581-4A13-85CF-64A9820A7A21}.Debug|Any CPU.Build.0 = Debug|Any CPU
		{320B1F1A-3581-4A13-85CF-64A9820A7A21}.Release|Any CPU.ActiveCfg = Release|Any CPU
		{320B1F1A-3581-4A13-85CF-64A9820A7A21}.Release|Any CPU.Build.0 = Release|Any CPU
		{107D7D98-86BB-4160-92E9-6315A049E32E}.Debug|Any CPU.ActiveCfg = Debug|Any CPU
		{107D7D98-86BB-4160-92E9-6315A049E32E}.Debug|Any CPU.Build.0 = Debug|Any CPU
		{107D7D98-86BB-4160-92E9-6315A049E32E}.Release|Any CPU.ActiveCfg = Release|Any CPU
		{107D7D98-86BB-4160-92E9-6315A049E32E}.Release|Any CPU.Build.0 = Release|Any CPU
		{D0C0861E-BB45-4AC0-AE35-189F374A15CC}.Debug|Any CPU.ActiveCfg = Debug|Any CPU
		{D0C0861E-BB45-4AC0-AE35-189F374A15CC}.Debug|Any CPU.Build.0 = Debug|Any CPU
		{D0C0861E-BB45-4AC0-AE35-189F374A15CC}.Release|Any CPU.ActiveCfg = Release|Any CPU
		{D0C0861E-BB45-4AC0-AE35-189F374A15CC}.Release|Any CPU.Build.0 = Release|Any CPU
		{DE3AD719-B776-4FBF-B757-592FB31AB71A}.Debug|Any CPU.ActiveCfg = Debug|Any CPU
		{DE3AD719-B776-4FBF-B757-592FB31AB71A}.Debug|Any CPU.Build.0 = Debug|Any CPU
		{DE3AD719-B776-4FBF-B757-592FB31AB71A}.Release|Any CPU.ActiveCfg = Release|Any CPU
		{DE3AD719-B776-4FBF-B757-592FB31AB71A}.Release|Any CPU.Build.0 = Release|Any CPU
		{72A3A6BA-A7A9-4741-BD17-91F30AA36F74}.Debug|Any CPU.ActiveCfg = Debug|Any CPU
		{72A3A6BA-A7A9-4741-BD17-91F30AA36F74}.Debug|Any CPU.Build.0 = Debug|Any CPU
		{72A3A6BA-A7A9-4741-BD17-91F30AA36F74}.Release|Any CPU.ActiveCfg = Release|Any CPU
		{72A3A6BA-A7A9-4741-BD17-91F30AA36F74}.Release|Any CPU.Build.0 = Release|Any CPU
		{A7009FEB-0E0B-44F6-98BD-6AEEE20352B3}.Debug|Any CPU.ActiveCfg = Debug|Any CPU
		{A7009FEB-0E0B-44F6-98BD-6AEEE20352B3}.Debug|Any CPU.Build.0 = Debug|Any CPU
		{A7009FEB-0E0B-44F6-98BD-6AEEE20352B3}.Release|Any CPU.ActiveCfg = Release|Any CPU
		{A7009FEB-0E0B-44F6-98BD-6AEEE20352B3}.Release|Any CPU.Build.0 = Release|Any CPU
		{55C7F26B-4909-455A-A139-510E95351E3E}.Debug|Any CPU.ActiveCfg = Debug|Any CPU
		{55C7F26B-4909-455A-A139-510E95351E3E}.Debug|Any CPU.Build.0 = Debug|Any CPU
		{55C7F26B-4909-455A-A139-510E95351E3E}.Release|Any CPU.ActiveCfg = Release|Any CPU
		{55C7F26B-4909-455A-A139-510E95351E3E}.Release|Any CPU.Build.0 = Release|Any CPU
	EndGlobalSection
	GlobalSection(SolutionProperties) = preSolution
		HideSolutionNode = FALSE
	EndGlobalSection
	GlobalSection(ExtensibilityGlobals) = postSolution
		SolutionGuid = {F478E10D-5833-4297-B1A6-B62960D8C5B3}
	EndGlobalSection
EndGlobal
